
Microsoft Visual Studio Solution File, Format Version 12.00
# Visual Studio Version 16
VisualStudioVersion = 16.0.30523.141
MinimumVisualStudioVersion = 10.0.40219.1
Project("{FAE04EC0-301F-11D3-BF4B-00C04F79EFBC}") = "TarjetasMVC", "TarjetasMVC.csproj", "{968A40B8-60B9-4B69-BA43-9C1C5C45A076}"
EndProject
Global
	GlobalSection(SolutionConfigurationPlatforms) = preSolution
		Debug|Any CPU = Debug|Any CPU
		Release|Any CPU = Release|Any CPU
	EndGlobalSection
	GlobalSection(ProjectConfigurationPlatforms) = postSolution
		{968A40B8-60B9-4B69-BA43-9C1C5C45A076}.Debug|Any CPU.ActiveCfg = Debug|Any CPU
		{968A40B8-60B9-4B69-BA43-9C1C5C45A076}.Debug|Any CPU.Build.0 = Debug|Any CPU
		{968A40B8-60B9-4B69-BA43-9C1C5C45A076}.Release|Any CPU.ActiveCfg = Release|Any CPU
		{968A40B8-60B9-4B69-BA43-9C1C5C45A076}.Release|Any CPU.Build.0 = Release|Any CPU
	EndGlobalSection
	GlobalSection(SolutionProperties) = preSolution
		HideSolutionNode = FALSE
	EndGlobalSection
	GlobalSection(ExtensibilityGlobals) = postSolution
		SolutionGuid = {F5C48FD8-5211-4164-BBF8-40D142D7C680}
	EndGlobalSection
EndGlobal
